PODS:
  - SQLite.swift (0.12.2):
    - SQLite.swift/standard (= 0.12.2)
  - SQLite.swift/standard (0.12.2)

DEPENDENCIES:
  - SQLite.swift (~> 0.12.2)

SPEC REPOS:
  trunk:
    - SQLite.swift

SPEC CHECKSUMS:
  SQLite.swift: d2b4642190917051ce6bd1d49aab565fe794eea3

PODFILE CHECKSUM: f86998c772d0052d29327c8210059b39073b5138

COCOAPODS: 1.14.3
